// !$*UTF8*$!
{
	archiveVersion = 1;
	classes = {
	};
	objectVersion = 56;
	objects = {

/* Begin PBXBuildFile section */
		2555387A2CDDD5A500E39FEB /* MyTwitterApp.swift in Sources */ = {isa = PBXBuildFile; fileRef = 255538792CDDD5A500E39FEB /* MyTwitterApp.swift */; };
		2555387C2CDDD5A500E39FEB /* ContentView.swift in Sources */ = {isa = PBXBuildFile; fileRef = 2555387B2CDDD5A500E39FEB /* ContentView.swift */; };
		2555387E2CDDD5A500E39FEB /* Item.swift in Sources */ = {isa = PBXBuildFile; fileRef = 2555387D2CDDD5A500E39FEB /* Item.swift */; };
		255538802CDDD5A600E39FEB /* Assets.xcassets in Resources */ = {isa = PBXBuildFile; fileRef = 2555387F2CDDD5A600E39FEB /* Assets.xcassets */; };
		255538832CDDD5A600E39FEB /* Preview Assets.xcassets in Resources */ = {isa = PBXBuildFile; fileRef = 255538822CDDD5A600E39FEB /* Preview Assets.xcassets */; };
		2555388B2CDDDB8900E39FEB /* FirebaseAnalytics in Frameworks */ = {isa = PBXBuildFile; productRef = 2555388A2CDDDB8900E39FEB /* FirebaseAnalytics */; };
		2555388D2CDDDCD600E39FEB /* GoogleService-Info.plist in Resources */ = {isa = PBXBuildFile; fileRef = 2555388C2CDDDCD600E39FEB /* GoogleService-Info.plist */; };
		2555388F2CDDDD0A00E39FEB /* Post.swift in Sources */ = {isa = PBXBuildFile; fileRef = 2555388E2CDDDD0A00E39FEB /* Post.swift */; };
		255538912CDDDD2F00E39FEB /* PostViewModel.swift in Sources */ = {isa = PBXBuildFile; fileRef = 255538902CDDDD2F00E39FEB /* PostViewModel.swift */; };
		255538932CDDDD3F00E39FEB /* PostRowView.swift in Sources */ = {isa = PBXBuildFile; fileRef = 255538922CDDDD3F00E39FEB /* PostRowView.swift */; };
		255538952CDDDD4E00E39FEB /* TimelineView.swift in Sources */ = {isa = PBXBuildFile; fileRef = 255538942CDDDD4E00E39FEB /* TimelineView.swift */; };
		255538982CDDDE3400E39FEB /* FirebaseAnalyticsOnDeviceConversion in Frameworks */ = {isa = PBXBuildFile; productRef = 255538972CDDDE3400E39FEB /* FirebaseAnalyticsOnDeviceConversion */; };
		2555389A2CDDDE3400E39FEB /* FirebaseAnalyticsWithoutAdIdSupport in Frameworks */ = {isa = PBXBuildFile; productRef = 255538992CDDDE3400E39FEB /* FirebaseAnalyticsWithoutAdIdSupport */; };
		2555389C2CDDDE3400E39FEB /* FirebaseAppCheck in Frameworks */ = {isa = PBXBuildFile; productRef = 2555389B2CDDDE3400E39FEB /* FirebaseAppCheck */; };
		2555389E2CDDDE3400E39FEB /* FirebaseAppDistribution-Beta in Frameworks */ = {isa = PBXBuildFile; productRef = 2555389D2CDDDE3400E39FEB /* FirebaseAppDistribution-Beta */; };
		255538A12CDDDE8100E39FEB /* FirebaseFirestore in Frameworks */ = {isa = PBXBuildFile; productRef = 255538A02CDDDE8100E39FEB /* FirebaseFirestore */; };
		2564D9FF2CDDDF3300C31AF4 /* SDWebImageSwiftUI in Frameworks */ = {isa = PBXBuildFile; productRef = 2564D9FE2CDDDF3300C31AF4 /* SDWebImageSwiftUI */; };
/* End PBXBuildFile section */

/* Begin PBXFileReference section */
		255538762CDDD5A500E39FEB /* MyTwitter.app */ = {isa = PBXFileReference; explicitFileType = wrapper.application; includeInIndex = 0; path = MyTwitter.app; sourceTree = BUILT_PRODUCTS_DIR; };
		255538792CDDD5A500E39FEB /* MyTwitterApp.swift */ = {isa = PBXFileReference; lastKnownFileType = sourcecode.swift; path = MyTwitterApp.swift; sourceTree = "<group>"; };
		2555387B2CDDD5A500E39FEB /* ContentView.swift */ = {isa = PBXFileReference; lastKnownFileType = sourcecode.swift; path = ContentView.swift; sourceTree = "<group>"; };
		2555387D2CDDD5A500E39FEB /* Item.swift */ = {isa = PBXFileReference; lastKnownFileType = sourcecode.swift; path = Item.swift; sourceTree = "<group>"; };
		2555387F2CDDD5A600E39FEB /* Assets.xcassets */ = {isa = PBXFileReference; lastKnownFileType = folder.assetcatalog; path = Assets.xcassets; sourceTree = "<group>"; };
		255538822CDDD5A600E39FEB /* Preview Assets.xcassets */ = {isa = PBXFileReference; lastKnownFileType = folder.assetcatalog; path = "Preview Assets.xcassets"; sourceTree = "<group>"; };
		2555388C2CDDDCD600E39FEB /* GoogleService-Info.plist */ = {isa = PBXFileReference; fileEncoding = 4; lastKnownFileType = text.plist.xml; name = "GoogleService-Info.plist"; path = "../../../../../../Users/blake/Downloads/GoogleService-Info.plist"; sourceTree = "<group>"; };
		2555388E2CDDDD0A00E39FEB /* Post.swift */ = {isa = PBXFileReference; lastKnownFileType = sourcecode.swift; path = Post.swift; sourceTree = "<group>"; };
		255538902CDDDD2F00E39FEB /* PostViewModel.swift */ = {isa = PBXFileReference; lastKnownFileType = sourcecode.swift; path = PostViewModel.swift; sourceTree = "<group>"; };
		255538922CDDDD3F00E39FEB /* PostRowView.swift */ = {isa = PBXFileReference; lastKnownFileType = sourcecode.swift; path = PostRowView.swift; sourceTree = "<group>"; };
		255538942CDDDD4E00E39FEB /* TimelineView.swift */ = {isa = PBXFileReference; lastKnownFileType = sourcecode.swift; path = TimelineView.swift; sourceTree = "<group>"; };
		255538962CDDDDD400E39FEB /* Info.plist */ = {isa = PBXFileReference; lastKnownFileType = text.plist; path = Info.plist; sourceTree = "<group>"; };
/* End PBXFileReference section */

/* Begin PBXFrameworksBuildPhase section */
		255538732CDDD5A500E39FEB /* Frameworks */ = {
			isa = PBXFrameworksBuildPhase;
			buildActionMask = 2147483647;
			files = (
				2564D9FF2CDDDF3300C31AF4 /* SDWebImageSwiftUI in Frameworks */,
				2555389C2CDDDE3400E39FEB /* FirebaseAppCheck in Frameworks */,
				2555388B2CDDDB8900E39FEB /* FirebaseAnalytics in Frameworks */,
				2555389E2CDDDE3400E39FEB /* FirebaseAppDistribution-Beta in Frameworks */,
				2555389A2CDDDE3400E39FEB /* FirebaseAnalyticsWithoutAdIdSupport in Frameworks */,
				255538982CDDDE3400E39FEB /* FirebaseAnalyticsOnDeviceConversion in Frameworks */,
				255538A12CDDDE8100E39FEB /* FirebaseFirestore in Frameworks */,
			);
			runOnlyForDeploymentPostprocessing = 0;
		};
/* End PBXFrameworksBuildPhase section */

/* Begin PBXGroup section */
		2555386D2CDDD5A500E39FEB = {
			isa = PBXGroup;
			children = (
				255538782CDDD5A500E39FEB /* MyTwitter */,
				255538772CDDD5A500E39FEB /* Products */,
				2555389F2CDDDE8100E39FEB /* Frameworks */,
			);
			sourceTree = "<group>";
		};
		255538772CDDD5A500E39FEB /* Products */ = {
			isa = PBXGroup;
			children = (
				255538762CDDD5A500E39FEB /* MyTwitter.app */,
			);
			name = Products;
			sourceTree = "<group>";
		};
		255538782CDDD5A500E39FEB /* MyTwitter */ = {
			isa = PBXGroup;
			children = (
				255538962CDDDDD400E39FEB /* Info.plist */,
				255538792CDDD5A500E39FEB /* MyTwitterApp.swift */,
				2555388C2CDDDCD600E39FEB /* GoogleService-Info.plist */,
				2555387B2CDDD5A500E39FEB /* ContentView.swift */,
				2555387D2CDDD5A500E39FEB /* Item.swift */,
				2555387F2CDDD5A600E39FEB /* Assets.xcassets */,
				255538812CDDD5A600E39FEB /* Preview Content */,
				2555388E2CDDDD0A00E39FEB /* Post.swift */,
				255538902CDDDD2F00E39FEB /* PostViewModel.swift */,
				255538922CDDDD3F00E39FEB /* PostRowView.swift */,
				255538942CDDDD4E00E39FEB /* TimelineView.swift */,
			);
			path = MyTwitter;
			sourceTree = "<group>";
		};
		255538812CDDD5A600E39FEB /* Preview Content */ = {
			isa = PBXGroup;
			children = (
				255538822CDDD5A600E39FEB /* Preview Assets.xcassets */,
			);
			path = "Preview Content";
			sourceTree = "<group>";
		};
		2555389F2CDDDE8100E39FEB /* Frameworks */ = {
			isa = PBXGroup;
			children = (
			);
			name = Frameworks;
			sourceTree = "<group>";
		};
/* End PBXGroup section */

/* Begin PBXNativeTarget section */
		255538752CDDD5A500E39FEB /* MyTwitter */ = {
			isa = PBXNativeTarget;
			buildConfigurationList = 255538862CDDD5A600E39FEB /* Build configuration list for PBXNativeTarget "MyTwitter" */;
			buildPhases = (
				255538722CDDD5A500E39FEB /* Sources */,
				255538732CDDD5A500E39FEB /* Frameworks */,
				255538742CDDD5A500E39FEB /* Resources */,
			);
			buildRules = (
			);
			dependencies = (
			);
			name = MyTwitter;
			packageProductDependencies = (
				2555388A2CDDDB8900E39FEB /* FirebaseAnalytics */,
				255538972CDDDE3400E39FEB /* FirebaseAnalyticsOnDeviceConversion */,
				255538992CDDDE3400E39FEB /* FirebaseAnalyticsWithoutAdIdSupport */,
				2555389B2CDDDE3400E39FEB /* FirebaseAppCheck */,
				2555389D2CDDDE3400E39FEB /* FirebaseAppDistribution-Beta */,
				255538A02CDDDE8100E39FEB /* FirebaseFirestore */,
				2564D9FE2CDDDF3300C31AF4 /* SDWebImageSwiftUI */,
			);
			productName = MyTwitter;
			productReference = 255538762CDDD5A500E39FEB /* MyTwitter.app */;
			productType = "com.apple.product-type.application";
		};
/* End PBXNativeTarget section */

/* Begin PBXProject section */
		2555386E2CDDD5A500E39FEB /* Project object */ = {
			isa = PBXProject;
			attributes = {
				BuildIndependentTargetsInParallel = 1;
				LastSwiftUpdateCheck = 1540;
				LastUpgradeCheck = 1540;
				TargetAttributes = {
					255538752CDDD5A500E39FEB = {
						CreatedOnToolsVersion = 15.4;
					};
				};
			};
			buildConfigurationList = 255538712CDDD5A500E39FEB /* Build configuration list for PBXProject "MyTwitter" */;
			compatibilityVersion = "Xcode 14.0";
			developmentRegion = en;
			hasScannedForEncodings = 0;
			knownRegions = (
				en,
				Base,
			);
			mainGroup = 2555386D2CDDD5A500E39FEB;
			packageReferences = (
				255538892CDDDB8900E39FEB /* XCRemoteSwiftPackageReference "firebase-ios-sdk" */,
				2564D9FD2CDDDF3300C31AF4 /* XCRemoteSwiftPackageReference "SDWebImageSwiftUI" */,
			);
			productRefGroup = 255538772CDDD5A500E39FEB /* Products */;
			projectDirPath = "";
			projectRoot = "";
			targets = (
				255538752CDDD5A500E39FEB /* MyTwitter */,
			);
		};
/* End PBXProject section */

/* Begin PBXResourcesBuildPhase section */
		255538742CDDD5A500E39FEB /* Resources */ = {
			isa = PBXResourcesBuildPhase;
			buildActionMask = 2147483647;
			files = (
				255538832CDDD5A600E39FEB /* Preview Assets.xcassets in Resources */,
				255538802CDDD5A600E39FEB /* Assets.xcassets in Resources */,
				2555388D2CDDDCD600E39FEB /* GoogleService-Info.plist in Resources */,
			);
			runOnlyForDeploymentPostprocessing = 0;
		};
/* End PBXResourcesBuildPhase section */

/* Begin PBXSourcesBuildPhase section */
		255538722CDDD5A500E39FEB /* Sources */ = {
			isa = PBXSourcesBuildPhase;
			buildActionMask = 2147483647;
			files = (
				255538912CDDDD2F00E39FEB /* PostViewModel.swift in Sources */,
				255538952CDDDD4E00E39FEB /* TimelineView.swift in Sources */,
				2555387C2CDDD5A500E39FEB /* ContentView.swift in Sources */,
				2555387E2CDDD5A500E39FEB /* Item.swift in Sources */,
				255538932CDDDD3F00E39FEB /* PostRowView.swift in Sources */,
				2555387A2CDDD5A500E39FEB /* MyTwitterApp.swift in Sources */,
				2555388F2CDDDD0A00E39FEB /* Post.swift in Sources */,
			);
			runOnlyForDeploymentPostprocessing = 0;
		};
/* End PBXSourcesBuildPhase section */

/* Begin XCBuildConfiguration section */
		255538842CDDD5A600E39FEB /* Debug */ = {
			isa = XCBuildConfiguration;
			buildSettings = {
				ALWAYS_SEARCH_USER_PATHS = NO;
				ASSETCATALOG_COMPILER_GENERATE_SWIFT_ASSET_SYMBOL_EXTENSIONS = YES;
				CLANG_ANALYZER_NONNULL = YES;
				CLANG_ANALYZER_NUMBER_OBJECT_CONVERSION = YES_AGGRESSIVE;
				CLANG_CXX_LANGUAGE_STANDARD = "gnu++20";
				CLANG_ENABLE_MODULES = YES;
				CLANG_ENABLE_OBJC_ARC = YES;
				CLANG_ENABLE_OBJC_WEAK = YES;
				CLANG_WARN_BLOCK_CAPTURE_AUTORELEASING = YES;
				CLANG_WARN_BOOL_CONVERSION = YES;
				CLANG_WARN_COMMA = YES;
				CLANG_WARN_CONSTANT_CONVERSION = YES;
				CLANG_WARN_DEPRECATED_OBJC_IMPLEMENTATIONS = YES;
				CLANG_WARN_DIRECT_OBJC_ISA_USAGE = YES_ERROR;
				CLANG_WARN_DOCUMENTATION_COMMENTS = YES;
				CLANG_WARN_EMPTY_BODY = YES;
				CLANG_WARN_ENUM_CONVERSION = YES;
				CLANG_WARN_INFINITE_RECURSION = YES;
				CLANG_WARN_INT_CONVERSION = YES;
				CLANG_WARN_NON_LITERAL_NULL_CONVERSION = YES;
				CLANG_WARN_OBJC_IMPLICIT_RETAIN_SELF = YES;
				CLANG_WARN_OBJC_LITERAL_CONVERSION = YES;
				CLANG_WARN_OBJC_ROOT_CLASS = YES_ERROR;
				CLANG_WARN_QUOTED_INCLUDE_IN_FRAMEWORK_HEADER = YES;
				CLANG_WARN_RANGE_LOOP_ANALYSIS = YES;
				CLANG_WARN_STRICT_PROTOTYPES = YES;
				CLANG_WARN_SUSPICIOUS_MOVE = YES;
				CLANG_WARN_UNGUARDED_AVAILABILITY = YES_AGGRESSIVE;
				CLANG_WARN_UNREACHABLE_CODE = YES;
				CLANG_WARN__DUPLICATE_METHOD_MATCH = YES;
				COPY_PHASE_STRIP = NO;
				DEBUG_INFORMATION_FORMAT = dwarf;
				ENABLE_STRICT_OBJC_MSGSEND = YES;
				ENABLE_TESTABILITY = YES;
				ENABLE_USER_SCRIPT_SANDBOXING = YES;
				GCC_C_LANGUAGE_STANDARD = gnu17;
				GCC_DYNAMIC_NO_PIC = NO;
				GCC_NO_COMMON_BLOCKS = YES;
				GCC_OPTIMIZATION_LEVEL = 0;
				GCC_PREPROCESSOR_DEFINITIONS = (
					"DEBUG=1",
					"$(inherited)",
				);
				GCC_WARN_64_TO_32_BIT_CONVERSION = YES;
				GCC_WARN_ABOUT_RETURN_TYPE = YES_ERROR;
				GCC_WARN_UNDECLARED_SELECTOR = YES;
				GCC_WARN_UNINITIALIZED_AUTOS = YES_AGGRESSIVE;
				GCC_WARN_UNUSED_FUNCTION = YES;
				GCC_WARN_UNUSED_VARIABLE = YES;
				IPHONEOS_DEPLOYMENT_TARGET = 17.5;
				LOCALIZATION_PREFERS_STRING_CATALOGS = YES;
				MTL_ENABLE_DEBUG_INFO = INCLUDE_SOURCE;
				MTL_FAST_MATH = YES;
				ONLY_ACTIVE_ARCH = YES;
				SDKROOT = iphoneos;
				SWIFT_ACTIVE_COMPILATION_CONDITIONS = "DEBUG $(inherited)";
				SWIFT_OPTIMIZATION_LEVEL = "-Onone";
			};
			name = Debug;
		};
		255538852CDDD5A600E39FEB /* Release */ = {
			isa = XCBuildConfiguration;
			buildSettings = {
				ALWAYS_SEARCH_USER_PATHS = NO;
				ASSETCATALOG_COMPILER_GENERATE_SWIFT_ASSET_SYMBOL_EXTENSIONS = YES;
				CLANG_ANALYZER_NONNULL = YES;
				CLANG_ANALYZER_NUMBER_OBJECT_CONVERSION = YES_AGGRESSIVE;
				CLANG_CXX_LANGUAGE_STANDARD = "gnu++20";
				CLANG_ENABLE_MODULES = YES;
				CLANG_ENABLE_OBJC_ARC = YES;
				CLANG_ENABLE_OBJC_WEAK = YES;
				CLANG_WARN_BLOCK_CAPTURE_AUTORELEASING = YES;
				CLANG_WARN_BOOL_CONVERSION = YES;
				CLANG_WARN_COMMA = YES;
				CLANG_WARN_CONSTANT_CONVERSION = YES;
				CLANG_WARN_DEPRECATED_OBJC_IMPLEMENTATIONS = YES;
				CLANG_WARN_DIRECT_OBJC_ISA_USAGE = YES_ERROR;
				CLANG_WARN_DOCUMENTATION_COMMENTS = YES;
				CLANG_WARN_EMPTY_BODY = YES;
				CLANG_WARN_ENUM_CONVERSION = YES;
				CLANG_WARN_INFINITE_RECURSION = YES;
				CLANG_WARN_INT_CONVERSION = YES;
				CLANG_WARN_NON_LITERAL_NULL_CONVERSION = YES;
				CLANG_WARN_OBJC_IMPLICIT_RETAIN_SELF = YES;
				CLANG_WARN_OBJC_LITERAL_CONVERSION = YES;
				CLANG_WARN_OBJC_ROOT_CLASS = YES_ERROR;
				CLANG_WARN_QUOTED_INCLUDE_IN_FRAMEWORK_HEADER = YES;
				CLANG_WARN_RANGE_LOOP_ANALYSIS = YES;
				CLANG_WARN_STRICT_PROTOTYPES = YES;
				CLANG_WARN_SUSPICIOUS_MOVE = YES;
				CLANG_WARN_UNGUARDED_AVAILABILITY = YES_AGGRESSIVE;
				CLANG_WARN_UNREACHABLE_CODE = YES;
				CLANG_WARN__DUPLICATE_METHOD_MATCH = YES;
				COPY_PHASE_STRIP = NO;
				DEBUG_INFORMATION_FORMAT = "dwarf-with-dsym";
				ENABLE_NS_ASSERTIONS = NO;
				ENABLE_STRICT_OBJC_MSGSEND = YES;
				ENABLE_USER_SCRIPT_SANDBOXING = YES;
				GCC_C_LANGUAGE_STANDARD = gnu17;
				GCC_NO_COMMON_BLOCKS = YES;
				GCC_WARN_64_TO_32_BIT_CONVERSION = YES;
				GCC_WARN_ABOUT_RETURN_TYPE = YES_ERROR;
				GCC_WARN_UNDECLARED_SELECTOR = YES;
				GCC_WARN_UNINITIALIZED_AUTOS = YES_AGGRESSIVE;
				GCC_WARN_UNUSED_FUNCTION = YES;
				GCC_WARN_UNUSED_VARIABLE = YES;
				IPHONEOS_DEPLOYMENT_TARGET = 17.5;
				LOCALIZATION_PREFERS_STRING_CATALOGS = YES;
				MTL_ENABLE_DEBUG_INFO = NO;
				MTL_FAST_MATH = YES;
				SDKROOT = iphoneos;
				SWIFT_COMPILATION_MODE = wholemodule;
				VALIDATE_PRODUCT = YES;
			};
			name = Release;
		};
		255538872CDDD5A600E39FEB /* Debug */ = {
			isa = XCBuildConfiguration;
			buildSettings = {
				ASSETCATALOG_COMPILER_APPICON_NAME = AppIcon;
				ASSETCATALOG_COMPILER_GLOBAL_ACCENT_COLOR_NAME = AccentColor;
				CODE_SIGN_STYLE = Automatic;
				CURRENT_PROJECT_VERSION = 1;
				DEVELOPMENT_ASSET_PATHS = "\"MyTwitter/Preview Content\"";
				DEVELOPMENT_TEAM = JA9NLM78L6;
				ENABLE_PREVIEWS = YES;
				GENERATE_INFOPLIST_FILE = YES;
				INFOPLIST_FILE = MyTwitter/Info.plist;
				INFOPLIST_KEY_LSApplicationCategoryType = "";
				INFOPLIST_KEY_UIApplicationSceneManifest_Generation = YES;
				INFOPLIST_KEY_UIApplicationSupportsIndirectInputEvents = YES;
				INFOPLIST_KEY_UILaunchScreen_Generation = YES;
				INFOPLIST_KEY_UISupportedInterfaceOrientations_iPad = "UIInterfaceOrientationPortrait UIInterfaceOrientationPortraitUpsideDown UIInterfaceOrientationLandscapeLeft UIInterfaceOrientationLandscapeRight";
				INFOPLIST_KEY_UISupportedInterfaceOrientations_iPhone = "UIInterfaceOrientationPortrait UIInterfaceOrientationLandscapeLeft UIInterfaceOrientationLandscapeRight";
				LD_RUNPATH_SEARCH_PATHS = (
					"$(inherited)",
					"@executable_path/Frameworks",
				);
				MARKETING_VERSION = 1.0;
				PRODUCT_BUNDLE_IDENTIFIER = blake.MyTwitter;
				PRODUCT_NAME = "$(TARGET_NAME)";
				SWIFT_EMIT_LOC_STRINGS = YES;
				SWIFT_VERSION = 5.0;
				TARGETED_DEVICE_FAMILY = "1,2";
			};
			name = Debug;
		};
		255538882CDDD5A600E39FEB /* Release */ = {
			isa = XCBuildConfiguration;
			buildSettings = {
				ASSETCATALOG_COMPILER_APPICON_NAME = AppIcon;
				ASSETCATALOG_COMPILER_GLOBAL_ACCENT_COLOR_NAME = AccentColor;
				CODE_SIGN_STYLE = Automatic;
				CURRENT_PROJECT_VERSION = 1;
				DEVELOPMENT_ASSET_PATHS = "\"MyTwitter/Preview Content\"";
				DEVELOPMENT_TEAM = JA9NLM78L6;
				ENABLE_PREVIEWS = YES;
				GENERATE_INFOPLIST_FILE = YES;
				INFOPLIST_FILE = MyTwitter/Info.plist;
				INFOPLIST_KEY_LSApplicationCategoryType = "";
				INFOPLIST_KEY_UIApplicationSceneManifest_Generation = YES;
				INFOPLIST_KEY_UIApplicationSupportsIndirectInputEvents = YES;
				INFOPLIST_KEY_UILaunchScreen_Generation = YES;
				INFOPLIST_KEY_UISupportedInterfaceOrientations_iPad = "UIInterfaceOrientationPortrait UIInterfaceOrientationPortraitUpsideDown UIInterfaceOrientationLandscapeLeft UIInterfaceOrientationLandscapeRight";
				INFOPLIST_KEY_UISupportedInterfaceOrientations_iPhone = "UIInterfaceOrientationPortrait UIInterfaceOrientationLandscapeLeft UIInterfaceOrientationLandscapeRight";
				LD_RUNPATH_SEARCH_PATHS = (
					"$(inherited)",
					"@executable_path/Frameworks",
				);
				MARKETING_VERSION = 1.0;
				PRODUCT_BUNDLE_IDENTIFIER = blake.MyTwitter;
				PRODUCT_NAME = "$(TARGET_NAME)";
				SWIFT_EMIT_LOC_STRINGS = YES;
				SWIFT_VERSION = 5.0;
				TARGETED_DEVICE_FAMILY = "1,2";
			};
			name = Release;
		};
/* End XCBuildConfiguration section */

/* Begin XCConfigurationList section */
		255538712CDDD5A500E39FEB /* Build configuration list for PBXProject "MyTwitter" */ = {
			isa = XCConfigurationList;
			buildConfigurations = (
				255538842CDDD5A600E39FEB /* Debug */,
				255538852CDDD5A600E39FEB /* Release */,
			);
			defaultConfigurationIsVisible = 0;
			defaultConfigurationName = Release;
		};
		255538862CDDD5A600E39FEB /* Build configuration list for PBXNativeTarget "MyTwitter" */ = {
			isa = XCConfigurationList;
			buildConfigurations = (
				255538872CDDD5A600E39FEB /* Debug */,
				255538882CDDD5A600E39FEB /* Release */,
			);
			defaultConfigurationIsVisible = 0;
			defaultConfigurationName = Release;
		};
/* End XCConfigurationList section */

/* Begin XCRemoteSwiftPackageReference section */
		255538892CDDDB8900E39FEB /* XCRemoteSwiftPackageReference "firebase-ios-sdk" */ = {
			isa = XCRemoteSwiftPackageReference;
			repositoryURL = "https://github.com/firebase/firebase-ios-sdk";
			requirement = {
				kind = upToNextMajorVersion;
				minimumVersion = 11.4.0;
			};
		};
		2564D9FD2CDDDF3300C31AF4 /* XCRemoteSwiftPackageReference "SDWebImageSwiftUI" */ = {
			isa = XCRemoteSwiftPackageReference;
			repositoryURL = "https://github.com/SDWebImage/SDWebImageSwiftUI";
			requirement = {
				kind = upToNextMajorVersion;
				minimumVersion = 3.1.3;
			};
		};
/* End XCRemoteSwiftPackageReference section */

/* Begin XCSwiftPackageProductDependency section */
		2555388A2CDDDB8900E39FEB /* FirebaseAnalytics */ = {
			isa = XCSwiftPackageProductDependency;
			package = 255538892CDDDB8900E39FEB /* XCRemoteSwiftPackageReference "firebase-ios-sdk" */;
			productName = FirebaseAnalytics;
		};
		255538972CDDDE3400E39FEB /* FirebaseAnalyticsOnDeviceConversion */ = {
			isa = XCSwiftPackageProductDependency;
			package = 255538892CDDDB8900E39FEB /* XCRemoteSwiftPackageReference "firebase-ios-sdk" */;
			productName = FirebaseAnalyticsOnDeviceConversion;
		};
		255538992CDDDE3400E39FEB /* FirebaseAnalyticsWithoutAdIdSupport */ = {
			isa = XCSwiftPackageProductDependency;
			package = 255538892CDDDB8900E39FEB /* XCRemoteSwiftPackageReference "firebase-ios-sdk" */;
			productName = FirebaseAnalyticsWithoutAdIdSupport;
		};
		2555389B2CDDDE3400E39FEB /* FirebaseAppCheck */ = {
			isa = XCSwiftPackageProductDependency;
			package = 255538892CDDDB8900E39FEB /* XCRemoteSwiftPackageReference "firebase-ios-sdk" */;
			productName = FirebaseAppCheck;
		};
		2555389D2CDDDE3400E39FEB /* FirebaseAppDistribution-Beta */ = {
			isa = XCSwiftPackageProductDependency;
			package = 255538892CDDDB8900E39FEB /* XCRemoteSwiftPackageReference "firebase-ios-sdk" */;
			productName = "FirebaseAppDistribution-Beta";
		};
		255538A02CDDDE8100E39FEB /* FirebaseFirestore */ = {
			isa = XCSwiftPackageProductDependency;
			package = 255538892CDDDB8900E39FEB /* XCRemoteSwiftPackageReference "firebase-ios-sdk" */;
			productName = FirebaseFirestore;
		};
		2564D9FE2CDDDF3300C31AF4 /* SDWebImageSwiftUI */ = {
			isa = XCSwiftPackageProductDependency;
			package = 2564D9FD2CDDDF3300C31AF4 /* XCRemoteSwiftPackageReference "SDWebImageSwiftUI" */;
			productName = SDWebImageSwiftUI;
		};
/* End XCSwiftPackageProductDependency section */
	};
	rootObject = 2555386E2CDDD5A500E39FEB /* Project object */;
}
